// !$*UTF8*$!
{
	archiveVersion = 1;
	classes = {
	};
	objectVersion = 56;
	objects = {

/* Begin PBXBuildFile section */
		0A21E7B72B8E6FF9007066EC /* HomeController.swift in Sources */ = {isa = PBXBuildFile; fileRef = 0A21E7B62B8E6FF9007066EC /* HomeController.swift */; };
		0A21E7B92B8E700E007066EC /* HomeModel.swift in Sources */ = {isa = PBXBuildFile; fileRef = 0A21E7B82B8E700D007066EC /* HomeModel.swift */; };
		0A6D4BF22B86433C007532EE /* AppDelegate.swift in Sources */ = {isa = PBXBuildFile; fileRef = 0A6D4BF12B86433C007532EE /* AppDelegate.swift */; };
		0A6D4BF42B86433C007532EE /* SceneDelegate.swift in Sources */ = {isa = PBXBuildFile; fileRef = 0A6D4BF32B86433C007532EE /* SceneDelegate.swift */; };
		0A6D4BF62B86433C007532EE /* HomeView.swift in Sources */ = {isa = PBXBuildFile; fileRef = 0A6D4BF52B86433C007532EE /* HomeView.swift */; };
		0A6D4BFB2B86433F007532EE /* Assets.xcassets in Resources */ = {isa = PBXBuildFile; fileRef = 0A6D4BFA2B86433F007532EE /* Assets.xcassets */; };
		0A6D4BFE2B86433F007532EE /* LaunchScreen.storyboard in Resources */ = {isa = PBXBuildFile; fileRef = 0A6D4BFC2B86433F007532EE /* LaunchScreen.storyboard */; };
		0A6D4C072B864520007532EE /* SnapKit in Frameworks */ = {isa = PBXBuildFile; productRef = 0A6D4C062B864520007532EE /* SnapKit */; };
		0A6D4C0B2B864A77007532EE /* NoteCell.swift in Sources */ = {isa = PBXBuildFile; fileRef = 0A6D4C0A2B864A77007532EE /* NoteCell.swift */; };
		0A8BB7152B9CACEB003EEB6B /* Note.xcdatamodeld in Sources */ = {isa = PBXBuildFile; fileRef = 0A8BB7132B9CACEB003EEB6B /* Note.xcdatamodeld */; };
		0A8BB7182B9CAE27003EEB6B /* Note+CoreDataClass.swift in Sources */ = {isa = PBXBuildFile; fileRef = 0A8BB7162B9CAE27003EEB6B /* Note+CoreDataClass.swift */; };
		0A8BB7192B9CAE27003EEB6B /* Note+CoreDataProperties.swift in Sources */ = {isa = PBXBuildFile; fileRef = 0A8BB7172B9CAE27003EEB6B /* Note+CoreDataProperties.swift */; };
		0A8BB71D2B9CAECC003EEB6B /* CoreDataService.swift in Sources */ = {isa = PBXBuildFile; fileRef = 0A8BB71C2B9CAECC003EEB6B /* CoreDataService.swift */; };
		0AA171892B90D1B700BE39B4 /* SettingsView.swift in Sources */ = {isa = PBXBuildFile; fileRef = 0AA171882B90D1B700BE39B4 /* SettingsView.swift */; };
		0AA1718E2B90E69D00BE39B4 /* SettingsCell.swift in Sources */ = {isa = PBXBuildFile; fileRef = 0AA1718D2B90E69D00BE39B4 /* SettingsCell.swift */; };
		0AA171902B90F2EC00BE39B4 /* SettingsModel.swift in Sources */ = {isa = PBXBuildFile; fileRef = 0AA1718F2B90F2EC00BE39B4 /* SettingsModel.swift */; };
		0AB6E6852B96595400B8F6FF /* SettingsController.swift in Sources */ = {isa = PBXBuildFile; fileRef = 0AB6E6842B96595400B8F6FF /* SettingsController.swift */; };
		0AE29E232B99F3AE00CF8A92 /* OnBoardingView.swift in Sources */ = {isa = PBXBuildFile; fileRef = 0AE29E222B99F3AE00CF8A92 /* OnBoardingView.swift */; };
		0AE29E252B99F4DC00CF8A92 /* OnBoardCell.swift in Sources */ = {isa = PBXBuildFile; fileRef = 0AE29E242B99F4DC00CF8A92 /* OnBoardCell.swift */; };
		0AE29E292B9B477100CF8A92 /* Extension+UIColor.swift in Sources */ = {isa = PBXBuildFile; fileRef = 0AE29E282B9B477100CF8A92 /* Extension+UIColor.swift */; };
		0AE29E2B2B9B525200CF8A92 /* NotesView.swift in Sources */ = {isa = PBXBuildFile; fileRef = 0AE29E2A2B9B525200CF8A92 /* NotesView.swift */; };
/* End PBXBuildFile section */

/* Begin PBXFileReference section */
		0A21E7B62B8E6FF9007066EC /* HomeController.swift */ = {isa = PBXFileReference; lastKnownFileType = sourcecode.swift; path = HomeController.swift; sourceTree = "<group>"; };
		0A21E7B82B8E700D007066EC /* HomeModel.swift */ = {isa = PBXFileReference; lastKnownFileType = sourcecode.swift; path = HomeModel.swift; sourceTree = "<group>"; };
		0A6D4BEE2B86433C007532EE /* MyNotes.app */ = {isa = PBXFileReference; explicitFileType = wrapper.application; includeInIndex = 0; path = MyNotes.app; sourceTree = BUILT_PRODUCTS_DIR; };
		0A6D4BF12B86433C007532EE /* AppDelegate.swift */ = {isa = PBXFileReference; lastKnownFileType = sourcecode.swift; path = AppDelegate.swift; sourceTree = "<group>"; };
		0A6D4BF32B86433C007532EE /* SceneDelegate.swift */ = {isa = PBXFileReference; lastKnownFileType = sourcecode.swift; path = SceneDelegate.swift; sourceTree = "<group>"; };
		0A6D4BF52B86433C007532EE /* HomeView.swift */ = {isa = PBXFileReference; lastKnownFileType = sourcecode.swift; path = HomeView.swift; sourceTree = "<group>"; };
		0A6D4BFA2B86433F007532EE /* Assets.xcassets */ = {isa = PBXFileReference; lastKnownFileType = folder.assetcatalog; path = Assets.xcassets; sourceTree = "<group>"; };
		0A6D4BFD2B86433F007532EE /* Base */ = {isa = PBXFileReference; lastKnownFileType = file.storyboard; name = Base; path = Base.lproj/LaunchScreen.storyboard; sourceTree = "<group>"; };
		0A6D4BFF2B86433F007532EE /* Info.plist */ = {isa = PBXFileReference; lastKnownFileType = text.plist.xml; path = Info.plist; sourceTree = "<group>"; };
		0A6D4C0A2B864A77007532EE /* NoteCell.swift */ = {isa = PBXFileReference; lastKnownFileType = sourcecode.swift; path = NoteCell.swift; sourceTree = "<group>"; };
		0A8BB7142B9CACEB003EEB6B /* Note.xcdatamodel */ = {isa = PBXFileReference; lastKnownFileType = wrapper.xcdatamodel; path = Note.xcdatamodel; sourceTree = "<group>"; };
		0A8BB7162B9CAE27003EEB6B /* Note+CoreDataClass.swift */ = {isa = PBXFileReference; lastKnownFileType = sourcecode.swift; path = "Note+CoreDataClass.swift"; sourceTree = "<group>"; };
		0A8BB7172B9CAE27003EEB6B /* Note+CoreDataProperties.swift */ = {isa = PBXFileReference; lastKnownFileType = sourcecode.swift; path = "Note+CoreDataProperties.swift"; sourceTree = "<group>"; };
		0A8BB71C2B9CAECC003EEB6B /* CoreDataService.swift */ = {isa = PBXFileReference; lastKnownFileType = sourcecode.swift; path = CoreDataService.swift; sourceTree = "<group>"; };
		0AA171882B90D1B700BE39B4 /* SettingsView.swift */ = {isa = PBXFileReference; lastKnownFileType = sourcecode.swift; path = SettingsView.swift; sourceTree = "<group>"; };
		0AA1718D2B90E69D00BE39B4 /* SettingsCell.swift */ = {isa = PBXFileReference; lastKnownFileType = sourcecode.swift; path = SettingsCell.swift; sourceTree = "<group>"; };
		0AA1718F2B90F2EC00BE39B4 /* SettingsModel.swift */ = {isa = PBXFileReference; lastKnownFileType = sourcecode.swift; path = SettingsModel.swift; sourceTree = "<group>"; };
		0AB6E6842B96595400B8F6FF /* SettingsController.swift */ = {isa = PBXFileReference; lastKnownFileType = sourcecode.swift; path = SettingsController.swift; sourceTree = "<group>"; };
		0AE29E222B99F3AE00CF8A92 /* OnBoardingView.swift */ = {isa = PBXFileReference; lastKnownFileType = sourcecode.swift; path = OnBoardingView.swift; sourceTree = "<group>"; };
		0AE29E242B99F4DC00CF8A92 /* OnBoardCell.swift */ = {isa = PBXFileReference; lastKnownFileType = sourcecode.swift; path = OnBoardCell.swift; sourceTree = "<group>"; };
		0AE29E282B9B477100CF8A92 /* Extension+UIColor.swift */ = {isa = PBXFileReference; lastKnownFileType = sourcecode.swift; path = "Extension+UIColor.swift"; sourceTree = "<group>"; };
		0AE29E2A2B9B525200CF8A92 /* NotesView.swift */ = {isa = PBXFileReference; lastKnownFileType = sourcecode.swift; path = NotesView.swift; sourceTree = "<group>"; };
/* End PBXFileReference section */

/* Begin PBXFrameworksBuildPhase section */
		0A6D4BEB2B86433C007532EE /* Frameworks */ = {
			isa = PBXFrameworksBuildPhase;
			buildActionMask = 2147483647;
			files = (
				0A6D4C072B864520007532EE /* SnapKit in Frameworks */,
			);
			runOnlyForDeploymentPostprocessing = 0;
		};
/* End PBXFrameworksBuildPhase section */

/* Begin PBXGroup section */
		0A6D4BE52B86433C007532EE = {
			isa = PBXGroup;
			children = (
				0A8BB7162B9CAE27003EEB6B /* Note+CoreDataClass.swift */,
				0A8BB7172B9CAE27003EEB6B /* Note+CoreDataProperties.swift */,
				0A6D4BF02B86433C007532EE /* MyNotes */,
				0A6D4BEF2B86433C007532EE /* Products */,
			);
			sourceTree = "<group>";
		};
		0A6D4BEF2B86433C007532EE /* Products */ = {
			isa = PBXGroup;
			children = (
				0A6D4BEE2B86433C007532EE /* MyNotes.app */,
			);
			name = Products;
			sourceTree = "<group>";
		};
		0A6D4BF02B86433C007532EE /* MyNotes */ = {
			isa = PBXGroup;
			children = (
				0A8BB71A2B9CAE88003EEB6B /* Services */,
				0AE29E272B9B475200CF8A92 /* SupportFiles */,
				0A6D4C082B864A28007532EE /* Modules */,
				0AA1718A2B90E5E700BE39B4 /* Delegate */,
				0AA1718B2B90E5FE00BE39B4 /* Resources */,
				0A6D4BFF2B86433F007532EE /* Info.plist */,
			);
			path = MyNotes;
			sourceTree = "<group>";
		};
		0A6D4C082B864A28007532EE /* Modules */ = {
			isa = PBXGroup;
			children = (
				0AE29E262B9B410C00CF8A92 /* Notes */,
				0AE29E212B99F38600CF8A92 /* OnBoarding */,
				0A6D4C092B864A5F007532EE /* Home */,
				0AA1718C2B90E63E00BE39B4 /* Settings */,
				0A8BB7132B9CACEB003EEB6B /* Note.xcdatamodeld */,
			);
			path = Modules;
			sourceTree = "<group>";
		};
		0A6D4C092B864A5F007532EE /* Home */ = {
			isa = PBXGroup;
			children = (
				0A6D4BF52B86433C007532EE /* HomeView.swift */,
				0A6D4C0A2B864A77007532EE /* NoteCell.swift */,
				0A21E7B62B8E6FF9007066EC /* HomeController.swift */,
				0A21E7B82B8E700D007066EC /* HomeModel.swift */,
			);
			path = Home;
			sourceTree = "<group>";
		};
		0A8BB71A2B9CAE88003EEB6B /* Services */ = {
			isa = PBXGroup;
			children = (
				0A8BB71B2B9CAEAD003EEB6B /* CoreData */,
			);
			path = Services;
			sourceTree = "<group>";
		};
		0A8BB71B2B9CAEAD003EEB6B /* CoreData */ = {
			isa = PBXGroup;
			children = (
				0A8BB71C2B9CAECC003EEB6B /* CoreDataService.swift */,
			);
			path = CoreData;
			sourceTree = "<group>";
		};
		0AA1718A2B90E5E700BE39B4 /* Delegate */ = {
			isa = PBXGroup;
			children = (
				0A6D4BF32B86433C007532EE /* SceneDelegate.swift */,
				0A6D4BF12B86433C007532EE /* AppDelegate.swift */,
			);
			path = Delegate;
			sourceTree = "<group>";
		};
		0AA1718B2B90E5FE00BE39B4 /* Resources */ = {
			isa = PBXGroup;
			children = (
				0A6D4BFA2B86433F007532EE /* Assets.xcassets */,
				0A6D4BFC2B86433F007532EE /* LaunchScreen.storyboard */,
			);
			path = Resources;
			sourceTree = "<group>";
		};
		0AA1718C2B90E63E00BE39B4 /* Settings */ = {
			isa = PBXGroup;
			children = (
				0AA171882B90D1B700BE39B4 /* SettingsView.swift */,
				0AA1718F2B90F2EC00BE39B4 /* SettingsModel.swift */,
				0AB6E6842B96595400B8F6FF /* SettingsController.swift */,
				0AA1718D2B90E69D00BE39B4 /* SettingsCell.swift */,
			);
			path = Settings;
			sourceTree = "<group>";
		};
		0AE29E212B99F38600CF8A92 /* OnBoarding */ = {
			isa = PBXGroup;
			children = (
				0AE29E222B99F3AE00CF8A92 /* OnBoardingView.swift */,
				0AE29E242B99F4DC00CF8A92 /* OnBoardCell.swift */,
			);
			path = OnBoarding;
			sourceTree = "<group>";
		};
		0AE29E262B9B410C00CF8A92 /* Notes */ = {
			isa = PBXGroup;
			children = (
				0AE29E2A2B9B525200CF8A92 /* NotesView.swift */,
			);
			path = Notes;
			sourceTree = "<group>";
		};
		0AE29E272B9B475200CF8A92 /* SupportFiles */ = {
			isa = PBXGroup;
			children = (
				0AE29E282B9B477100CF8A92 /* Extension+UIColor.swift */,
			);
			path = SupportFiles;
			sourceTree = "<group>";
		};
/* End PBXGroup section */

/* Begin PBXNativeTarget section */
		0A6D4BED2B86433C007532EE /* MyNotes */ = {
			isa = PBXNativeTarget;
			buildConfigurationList = 0A6D4C022B86433F007532EE /* Build configuration list for PBXNativeTarget "MyNotes" */;
			buildPhases = (
				0A6D4BEA2B86433C007532EE /* Sources */,
				0A6D4BEB2B86433C007532EE /* Frameworks */,
				0A6D4BEC2B86433C007532EE /* Resources */,
			);
			buildRules = (
			);
			dependencies = (
			);
			name = MyNotes;
			packageProductDependencies = (
				0A6D4C062B864520007532EE /* SnapKit */,
			);
			productName = MyNotes;
			productReference = 0A6D4BEE2B86433C007532EE /* MyNotes.app */;
			productType = "com.apple.product-type.application";
		};
/* End PBXNativeTarget section */

/* Begin PBXProject section */
		0A6D4BE62B86433C007532EE /* Project object */ = {
			isa = PBXProject;
			attributes = {
				BuildIndependentTargetsInParallel = 1;
				LastSwiftUpdateCheck = 1520;
				LastUpgradeCheck = 1520;
				TargetAttributes = {
					0A6D4BED2B86433C007532EE = {
						CreatedOnToolsVersion = 15.2;
					};
				};
			};
			buildConfigurationList = 0A6D4BE92B86433C007532EE /* Build configuration list for PBXProject "MyNotes" */;
			compatibilityVersion = "Xcode 14.0";
			developmentRegion = en;
			hasScannedForEncodings = 0;
			knownRegions = (
				en,
				Base,
			);
			mainGroup = 0A6D4BE52B86433C007532EE;
			packageReferences = (
				0A6D4C052B864520007532EE /* XCRemoteSwiftPackageReference "SnapKit" */,
			);
			productRefGroup = 0A6D4BEF2B86433C007532EE /* Products */;
			projectDirPath = "";
			projectRoot = "";
			targets = (
				0A6D4BED2B86433C007532EE /* MyNotes */,
			);
		};
/* End PBXProject section */

/* Begin PBXResourcesBuildPhase section */
		0A6D4BEC2B86433C007532EE /* Resources */ = {
			isa = PBXResourcesBuildPhase;
			buildActionMask = 2147483647;
			files = (
				0A6D4BFE2B86433F007532EE /* LaunchScreen.storyboard in Resources */,
				0A6D4BFB2B86433F007532EE /* Assets.xcassets in Resources */,
			);
			runOnlyForDeploymentPostprocessing = 0;
		};
/* End PBXResourcesBuildPhase section */

/* Begin PBXSourcesBuildPhase section */
		0A6D4BEA2B86433C007532EE /* Sources */ = {
			isa = PBXSourcesBuildPhase;
			buildActionMask = 2147483647;
			files = (
				0AE29E2B2B9B525200CF8A92 /* NotesView.swift in Sources */,
				0A6D4BF62B86433C007532EE /* HomeView.swift in Sources */,
				0A6D4BF22B86433C007532EE /* AppDelegate.swift in Sources */,
				0A21E7B92B8E700E007066EC /* HomeModel.swift in Sources */,
				0A6D4BF42B86433C007532EE /* SceneDelegate.swift in Sources */,
				0A6D4C0B2B864A77007532EE /* NoteCell.swift in Sources */,
				0A8BB7152B9CACEB003EEB6B /* Note.xcdatamodeld in Sources */,
				0AE29E232B99F3AE00CF8A92 /* OnBoardingView.swift in Sources */,
				0AA171902B90F2EC00BE39B4 /* SettingsModel.swift in Sources */,
				0AB6E6852B96595400B8F6FF /* SettingsController.swift in Sources */,
				0A8BB7192B9CAE27003EEB6B /* Note+CoreDataProperties.swift in Sources */,
				0A21E7B72B8E6FF9007066EC /* HomeController.swift in Sources */,
				0AE29E252B99F4DC00CF8A92 /* OnBoardCell.swift in Sources */,
				0AA171892B90D1B700BE39B4 /* SettingsView.swift in Sources */,
				0A8BB7182B9CAE27003EEB6B /* Note+CoreDataClass.swift in Sources */,
				0AE29E292B9B477100CF8A92 /* Extension+UIColor.swift in Sources */,
				0A8BB71D2B9CAECC003EEB6B /* CoreDataService.swift in Sources */,
				0AA1718E2B90E69D00BE39B4 /* SettingsCell.swift in Sources */,
			);
			runOnlyForDeploymentPostprocessing = 0;
		};
/* End PBXSourcesBuildPhase section */

/* Begin PBXVariantGroup section */
		0A6D4BFC2B86433F007532EE /* LaunchScreen.storyboard */ = {
			isa = PBXVariantGroup;
			children = (
				0A6D4BFD2B86433F007532EE /* Base */,
			);
			name = LaunchScreen.storyboard;
			sourceTree = "<group>";
		};
/* End PBXVariantGroup section */

/* Begin XCBuildConfiguration section */
		0A6D4C002B86433F007532EE /* Debug */ = {
			isa = XCBuildConfiguration;
			buildSettings = {
				ALWAYS_SEARCH_USER_PATHS = NO;
				ASSETCATALOG_COMPILER_GENERATE_SWIFT_ASSET_SYMBOL_EXTENSIONS = YES;
				CLANG_ANALYZER_NONNULL = YES;
				CLANG_ANALYZER_NUMBER_OBJECT_CONVERSION = YES_AGGRESSIVE;
				CLANG_CXX_LANGUAGE_STANDARD = "gnu++20";
				CLANG_ENABLE_MODULES = YES;
				CLANG_ENABLE_OBJC_ARC = YES;
				CLANG_ENABLE_OBJC_WEAK = YES;
				CLANG_WARN_BLOCK_CAPTURE_AUTORELEASING = YES;
				CLANG_WARN_BOOL_CONVERSION = YES;
				CLANG_WARN_COMMA = YES;
				CLANG_WARN_CONSTANT_CONVERSION = YES;
				CLANG_WARN_DEPRECATED_OBJC_IMPLEMENTATIONS = YES;
				CLANG_WARN_DIRECT_OBJC_ISA_USAGE = YES_ERROR;
				CLANG_WARN_DOCUMENTATION_COMMENTS = YES;
				CLANG_WARN_EMPTY_BODY = YES;
				CLANG_WARN_ENUM_CONVERSION = YES;
				CLANG_WARN_INFINITE_RECURSION = YES;
				CLANG_WARN_INT_CONVERSION = YES;
				CLANG_WARN_NON_LITERAL_NULL_CONVERSION = YES;
				CLANG_WARN_OBJC_IMPLICIT_RETAIN_SELF = YES;
				CLANG_WARN_OBJC_LITERAL_CONVERSION = YES;
				CLANG_WARN_OBJC_ROOT_CLASS = YES_ERROR;
				CLANG_WARN_QUOTED_INCLUDE_IN_FRAMEWORK_HEADER = YES;
				CLANG_WARN_RANGE_LOOP_ANALYSIS = YES;
				CLANG_WARN_STRICT_PROTOTYPES = YES;
				CLANG_WARN_SUSPICIOUS_MOVE = YES;
				CLANG_WARN_UNGUARDED_AVAILABILITY = YES_AGGRESSIVE;
				CLANG_WARN_UNREACHABLE_CODE = YES;
				CLANG_WARN__DUPLICATE_METHOD_MATCH = YES;
				COPY_PHASE_STRIP = NO;
				DEBUG_INFORMATION_FORMAT = dwarf;
				ENABLE_STRICT_OBJC_MSGSEND = YES;
				ENABLE_TESTABILITY = YES;
				ENABLE_USER_SCRIPT_SANDBOXING = YES;
				GCC_C_LANGUAGE_STANDARD = gnu17;
				GCC_DYNAMIC_NO_PIC = NO;
				GCC_NO_COMMON_BLOCKS = YES;
				GCC_OPTIMIZATION_LEVEL = 0;
				GCC_PREPROCESSOR_DEFINITIONS = (
					"DEBUG=1",
					"$(inherited)",
				);
				GCC_WARN_64_TO_32_BIT_CONVERSION = YES;
				GCC_WARN_ABOUT_RETURN_TYPE = YES_ERROR;
				GCC_WARN_UNDECLARED_SELECTOR = YES;
				GCC_WARN_UNINITIALIZED_AUTOS = YES_AGGRESSIVE;
				GCC_WARN_UNUSED_FUNCTION = YES;
				GCC_WARN_UNUSED_VARIABLE = YES;
				IPHONEOS_DEPLOYMENT_TARGET = 17.2;
				LOCALIZATION_PREFERS_STRING_CATALOGS = YES;
				MTL_ENABLE_DEBUG_INFO = INCLUDE_SOURCE;
				MTL_FAST_MATH = YES;
				ONLY_ACTIVE_ARCH = YES;
				SDKROOT = iphoneos;
				SWIFT_ACTIVE_COMPILATION_CONDITIONS = "DEBUG $(inherited)";
				SWIFT_OPTIMIZATION_LEVEL = "-Onone";
			};
			name = Debug;
		};
		0A6D4C012B86433F007532EE /* Release */ = {
			isa = XCBuildConfiguration;
			buildSettings = {
				ALWAYS_SEARCH_USER_PATHS = NO;
				ASSETCATALOG_COMPILER_GENERATE_SWIFT_ASSET_SYMBOL_EXTENSIONS = YES;
				CLANG_ANALYZER_NONNULL = YES;
				CLANG_ANALYZER_NUMBER_OBJECT_CONVERSION = YES_AGGRESSIVE;
				CLANG_CXX_LANGUAGE_STANDARD = "gnu++20";
				CLANG_ENABLE_MODULES = YES;
				CLANG_ENABLE_OBJC_ARC = YES;
				CLANG_ENABLE_OBJC_WEAK = YES;
				CLANG_WARN_BLOCK_CAPTURE_AUTORELEASING = YES;
				CLANG_WARN_BOOL_CONVERSION = YES;
				CLANG_WARN_COMMA = YES;
				CLANG_WARN_CONSTANT_CONVERSION = YES;
				CLANG_WARN_DEPRECATED_OBJC_IMPLEMENTATIONS = YES;
				CLANG_WARN_DIRECT_OBJC_ISA_USAGE = YES_ERROR;
				CLANG_WARN_DOCUMENTATION_COMMENTS = YES;
				CLANG_WARN_EMPTY_BODY = YES;
				CLANG_WARN_ENUM_CONVERSION = YES;
				CLANG_WARN_INFINITE_RECURSION = YES;
				CLANG_WARN_INT_CONVERSION = YES;
				CLANG_WARN_NON_LITERAL_NULL_CONVERSION = YES;
				CLANG_WARN_OBJC_IMPLICIT_RETAIN_SELF = YES;
				CLANG_WARN_OBJC_LITERAL_CONVERSION = YES;
				CLANG_WARN_OBJC_ROOT_CLASS = YES_ERROR;
				CLANG_WARN_QUOTED_INCLUDE_IN_FRAMEWORK_HEADER = YES;
				CLANG_WARN_RANGE_LOOP_ANALYSIS = YES;
				CLANG_WARN_STRICT_PROTOTYPES = YES;
				CLANG_WARN_SUSPICIOUS_MOVE = YES;
				CLANG_WARN_UNGUARDED_AVAILABILITY = YES_AGGRESSIVE;
				CLANG_WARN_UNREACHABLE_CODE = YES;
				CLANG_WARN__DUPLICATE_METHOD_MATCH = YES;
				COPY_PHASE_STRIP = NO;
				DEBUG_INFORMATION_FORMAT = "dwarf-with-dsym";
				ENABLE_NS_ASSERTIONS = NO;
				ENABLE_STRICT_OBJC_MSGSEND = YES;
				ENABLE_USER_SCRIPT_SANDBOXING = YES;
				GCC_C_LANGUAGE_STANDARD = gnu17;
				GCC_NO_COMMON_BLOCKS = YES;
				GCC_WARN_64_TO_32_BIT_CONVERSION = YES;
				GCC_WARN_ABOUT_RETURN_TYPE = YES_ERROR;
				GCC_WARN_UNDECLARED_SELECTOR = YES;
				GCC_WARN_UNINITIALIZED_AUTOS = YES_AGGRESSIVE;
				GCC_WARN_UNUSED_FUNCTION = YES;
				GCC_WARN_UNUSED_VARIABLE = YES;
				IPHONEOS_DEPLOYMENT_TARGET = 17.2;
				LOCALIZATION_PREFERS_STRING_CATALOGS = YES;
				MTL_ENABLE_DEBUG_INFO = NO;
				MTL_FAST_MATH = YES;
				SDKROOT = iphoneos;
				SWIFT_COMPILATION_MODE = wholemodule;
				VALIDATE_PRODUCT = YES;
			};
			name = Release;
		};
		0A6D4C032B86433F007532EE /* Debug */ = {
			isa = XCBuildConfiguration;
			buildSettings = {
				ASSETCATALOG_COMPILER_APPICON_NAME = AppIcon;
				ASSETCATALOG_COMPILER_GLOBAL_ACCENT_COLOR_NAME = AccentColor;
				CODE_SIGN_STYLE = Automatic;
				CURRENT_PROJECT_VERSION = 1;
				DEVELOPMENT_TEAM = LH7FMGZ75D;
				GENERATE_INFOPLIST_FILE = YES;
				INFOPLIST_FILE = MyNotes/Info.plist;
				INFOPLIST_KEY_UIApplicationSupportsIndirectInputEvents = YES;
				INFOPLIST_KEY_UILaunchStoryboardName = LaunchScreen;
				INFOPLIST_KEY_UISupportedInterfaceOrientations_iPad = "UIInterfaceOrientationPortrait UIInterfaceOrientationPortraitUpsideDown UIInterfaceOrientationLandscapeLeft UIInterfaceOrientationLandscapeRight";
				INFOPLIST_KEY_UISupportedInterfaceOrientations_iPhone = "UIInterfaceOrientationPortrait UIInterfaceOrientationLandscapeLeft UIInterfaceOrientationLandscapeRight";
				LD_RUNPATH_SEARCH_PATHS = (
					"$(inherited)",
					"@executable_path/Frameworks",
				);
				MARKETING_VERSION = 1.0;
				PRODUCT_BUNDLE_IDENTIFIER = turgunbaeva.MyNotes;
				PRODUCT_NAME = "$(TARGET_NAME)";
				SWIFT_EMIT_LOC_STRINGS = YES;
				SWIFT_VERSION = 5.0;
				TARGETED_DEVICE_FAMILY = "1,2";
			};
			name = Debug;
		};
		0A6D4C042B86433F007532EE /* Release */ = {
			isa = XCBuildConfiguration;
			buildSettings = {
				ASSETCATALOG_COMPILER_APPICON_NAME = AppIcon;
				ASSETCATALOG_COMPILER_GLOBAL_ACCENT_COLOR_NAME = AccentColor;
				CODE_SIGN_STYLE = Automatic;
				CURRENT_PROJECT_VERSION = 1;
				DEVELOPMENT_TEAM = LH7FMGZ75D;
				GENERATE_INFOPLIST_FILE = YES;
				INFOPLIST_FILE = MyNotes/Info.plist;
				INFOPLIST_KEY_UIApplicationSupportsIndirectInputEvents = YES;
				INFOPLIST_KEY_UILaunchStoryboardName = LaunchScreen;
				INFOPLIST_KEY_UISupportedInterfaceOrientations_iPad = "UIInterfaceOrientationPortrait UIInterfaceOrientationPortraitUpsideDown UIInterfaceOrientationLandscapeLeft UIInterfaceOrientationLandscapeRight";
				INFOPLIST_KEY_UISupportedInterfaceOrientations_iPhone = "UIInterfaceOrientationPortrait UIInterfaceOrientationLandscapeLeft UIInterfaceOrientationLandscapeRight";
				LD_RUNPATH_SEARCH_PATHS = (
					"$(inherited)",
					"@executable_path/Frameworks",
				);
				MARKETING_VERSION = 1.0;
				PRODUCT_BUNDLE_IDENTIFIER = turgunbaeva.MyNotes;
				PRODUCT_NAME = "$(TARGET_NAME)";
				SWIFT_EMIT_LOC_STRINGS = YES;
				SWIFT_VERSION = 5.0;
				TARGETED_DEVICE_FAMILY = "1,2";
			};
			name = Release;
		};
/* End XCBuildConfiguration section */

/* Begin XCConfigurationList section */
		0A6D4BE92B86433C007532EE /* Build configuration list for PBXProject "MyNotes" */ = {
			isa = XCConfigurationList;
			buildConfigurations = (
				0A6D4C002B86433F007532EE /* Debug */,
				0A6D4C012B86433F007532EE /* Release */,
			);
			defaultConfigurationIsVisible = 0;
			defaultConfigurationName = Release;
		};
		0A6D4C022B86433F007532EE /* Build configuration list for PBXNativeTarget "MyNotes" */ = {
			isa = XCConfigurationList;
			buildConfigurations = (
				0A6D4C032B86433F007532EE /* Debug */,
				0A6D4C042B86433F007532EE /* Release */,
			);
			defaultConfigurationIsVisible = 0;
			defaultConfigurationName = Release;
		};
/* End XCConfigurationList section */

/* Begin XCRemoteSwiftPackageReference section */
		0A6D4C052B864520007532EE /* XCRemoteSwiftPackageReference "SnapKit" */ = {
			isa = XCRemoteSwiftPackageReference;
			repositoryURL = "https://github.com/SnapKit/SnapKit.git";
			requirement = {
				kind = upToNextMajorVersion;
				minimumVersion = 5.7.1;
			};
		};
/* End XCRemoteSwiftPackageReference section */

/* Begin XCSwiftPackageProductDependency section */
		0A6D4C062B864520007532EE /* SnapKit */ = {
			isa = XCSwiftPackageProductDependency;
			package = 0A6D4C052B864520007532EE /* XCRemoteSwiftPackageReference "SnapKit" */;
			productName = SnapKit;
		};
/* End XCSwiftPackageProductDependency section */

/* Begin XCVersionGroup section */
		0A8BB7132B9CACEB003EEB6B /* Note.xcdatamodeld */ = {
			isa = XCVersionGroup;
			children = (
				0A8BB7142B9CACEB003EEB6B /* Note.xcdatamodel */,
			);
			currentVersion = 0A8BB7142B9CACEB003EEB6B /* Note.xcdatamodel */;
			path = Note.xcdatamodeld;
			sourceTree = "<group>";
			versionGroupType = wrapper.xcdatamodel;
		};
/* End XCVersionGroup section */
	};
	rootObject = 0A6D4BE62B86433C007532EE /* Project object */;
}
